{
  "pins" : [
    {
      "identity" : "csv.swift",
      "kind" : "remoteSourceControl",
      "location" : "https://github.com/yaslab/CSV.swift.git",
      "state" : {
        "revision" : "81d2874c51db364d7e1d71b0d99018a294c87ac1",
        "version" : "2.4.3"
      }
    },
    {
      "identity" : "rxswift",
      "kind" : "remoteSourceControl",
      "location" : "https://github.com/ReactiveX/RxSwift.git",
      "state" : {
        "revision" : "b4307ba0b6425c0ba4178e138799946c3da594f8",
        "version" : "6.5.0"
      }
    }
  ],
  "version" : 2
}
